# This file is automatically @generated by Cargo.
# It is not intended for manual editing.
version = 3

[[package]]
name = "ebus_hard_coded"
version = "0.1.0"
dependencies = [
 "events",
 "service-one",
 "service-three",
 "service-two",
]

[[package]]
name = "events"
version = "0.1.0"

[[package]]
name = "service-one"
version = "0.1.0"
dependencies = [
 "events",
]

[[package]]
name = "service-three"
version = "0.1.0"
dependencies = [
 "events",
]

[[package]]
name = "service-two"
version = "0.1.0"
dependencies = [
 "events",
]
